// !$*UTF8*$!
{
	archiveVersion = 1;
	classes = {
	};
	objectVersion = 46;
	objects = {

/* Begin PBXBuildFile section */
		964428271D6D42190048957B /* AppDelegate.m in Sources */ = {isa = PBXBuildFile; fileRef = 964428261D6D42190048957B /* AppDelegate.m */; };
		9654BDEF1D8E818D00B4DA2A /* HYHomeViewController.m in Sources */ = {isa = PBXBuildFile; fileRef = 9654BDEE1D8E818D00B4DA2A /* HYHomeViewController.m */; };
		9654BE0D1D8E828400B4DA2A /* Info.plist in Resources */ = {isa = PBXBuildFile; fileRef = 9654BDF31D8E828400B4DA2A /* Info.plist */; };
		9654BE0E1D8E828400B4DA2A /* MASCompositeConstraint.m in Sources */ = {isa = PBXBuildFile; fileRef = 9654BDF51D8E828400B4DA2A /* MASCompositeConstraint.m */; };
		9654BE0F1D8E828400B4DA2A /* MASConstraint.m in Sources */ = {isa = PBXBuildFile; fileRef = 9654BDF81D8E828400B4DA2A /* MASConstraint.m */; };
		9654BE101D8E828400B4DA2A /* MASConstraintMaker.m in Sources */ = {isa = PBXBuildFile; fileRef = 9654BDFA1D8E828400B4DA2A /* MASConstraintMaker.m */; };
		9654BE111D8E828400B4DA2A /* MASLayoutConstraint.m in Sources */ = {isa = PBXBuildFile; fileRef = 9654BDFC1D8E828400B4DA2A /* MASLayoutConstraint.m */; };
		9654BE121D8E828400B4DA2A /* MASViewAttribute.m in Sources */ = {isa = PBXBuildFile; fileRef = 9654BE001D8E828400B4DA2A /* MASViewAttribute.m */; };
		9654BE131D8E828400B4DA2A /* MASViewConstraint.m in Sources */ = {isa = PBXBuildFile; fileRef = 9654BE021D8E828400B4DA2A /* MASViewConstraint.m */; };
		9654BE141D8E828400B4DA2A /* NSArray+MASAdditions.m in Sources */ = {isa = PBXBuildFile; fileRef = 9654BE041D8E828400B4DA2A /* NSArray+MASAdditions.m */; };
		9654BE151D8E828400B4DA2A /* NSLayoutConstraint+MASDebugAdditions.m in Sources */ = {isa = PBXBuildFile; fileRef = 9654BE071D8E828400B4DA2A /* NSLayoutConstraint+MASDebugAdditions.m */; };
		9654BE161D8E828400B4DA2A /* View+MASAdditions.m in Sources */ = {isa = PBXBuildFile; fileRef = 9654BE091D8E828400B4DA2A /* View+MASAdditions.m */; };
		9654BE171D8E828400B4DA2A /* ViewController+MASAdditions.m in Sources */ = {isa = PBXBuildFile; fileRef = 9654BE0C1D8E828400B4DA2A /* ViewController+MASAdditions.m */; };
		965FEBFD1D66E8390025AE73 /* main.m in Sources */ = {isa = PBXBuildFile; fileRef = 965FEBFC1D66E8390025AE73 /* main.m */; };
		965FEC081D66E8390025AE73 /* Assets.xcassets in Resources */ = {isa = PBXBuildFile; fileRef = 965FEC071D66E8390025AE73 /* Assets.xcassets */; };
		965FEC0B1D66E8390025AE73 /* LaunchScreen.storyboard in Resources */ = {isa = PBXBuildFile; fileRef = 965FEC091D66E8390025AE73 /* LaunchScreen.storyboard */; };
		967F4F751D94150E007042D4 /* HYAdHelper.m in Sources */ = {isa = PBXBuildFile; fileRef = 967F4F741D94150E007042D4 /* HYAdHelper.m */; };
		967F4F781D94153A007042D4 /* HYAdvertisingPageViewController.m in Sources */ = {isa = PBXBuildFile; fileRef = 967F4F771D94153A007042D4 /* HYAdvertisingPageViewController.m */; };
		967F4F7B1D941614007042D4 /* HYAdvertisingView.m in Sources */ = {isa = PBXBuildFile; fileRef = 967F4F7A1D941614007042D4 /* HYAdvertisingView.m */; };
/* End PBXBuildFile section */

/* Begin PBXFileReference section */
		964428251D6D42190048957B /* AppDelegate.h */ = {isa = PBXFileReference; fileEncoding = 4; lastKnownFileType = sourcecode.c.h; path = AppDelegate.h; sourceTree = "<group>"; };
		964428261D6D42190048957B /* AppDelegate.m */ = {isa = PBXFileReference; fileEncoding = 4; lastKnownFileType = sourcecode.c.objc; path = AppDelegate.m; sourceTree = "<group>"; };
		9654BDED1D8E818D00B4DA2A /* HYHomeViewController.h */ = {isa = PBXFileReference; fileEncoding = 4; lastKnownFileType = sourcecode.c.h; name = HYHomeViewController.h; path = Controllers/Home/HYHomeViewController.h; sourceTree = "<group>"; };
		9654BDEE1D8E818D00B4DA2A /* HYHomeViewController.m */ = {isa = PBXFileReference; fileEncoding = 4; lastKnownFileType = sourcecode.c.objc; name = HYHomeViewController.m; path = Controllers/Home/HYHomeViewController.m; sourceTree = "<group>"; };
		9654BDF31D8E828400B4DA2A /* Info.plist */ = {isa = PBXFileReference; fileEncoding = 4; lastKnownFileType = text.plist.xml; path = Info.plist; sourceTree = "<group>"; };
		9654BDF41D8E828400B4DA2A /* MASCompositeConstraint.h */ = {isa = PBXFileReference; fileEncoding = 4; lastKnownFileType = sourcecode.c.h; path = MASCompositeConstraint.h; sourceTree = "<group>"; };
		9654BDF51D8E828400B4DA2A /* MASCompositeConstraint.m */ = {isa = PBXFileReference; fileEncoding = 4; lastKnownFileType = sourcecode.c.objc; path = MASCompositeConstraint.m; sourceTree = "<group>"; };
		9654BDF61D8E828400B4DA2A /* MASConstraint+Private.h */ = {isa = PBXFileReference; fileEncoding = 4; lastKnownFileType = sourcecode.c.h; path = "MASConstraint+Private.h"; sourceTree = "<group>"; };
		9654BDF71D8E828400B4DA2A /* MASConstraint.h */ = {isa = PBXFileReference; fileEncoding = 4; lastKnownFileType = sourcecode.c.h; path = MASConstraint.h; sourceTree = "<group>"; };
		9654BDF81D8E828400B4DA2A /* MASConstraint.m */ = {isa = PBXFileReference; fileEncoding = 4; lastKnownFileType = sourcecode.c.objc; path = MASConstraint.m; sourceTree = "<group>"; };
		9654BDF91D8E828400B4DA2A /* MASConstraintMaker.h */ = {isa = PBXFileReference; fileEncoding = 4; lastKnownFileType = sourcecode.c.h; path = MASConstraintMaker.h; sourceTree = "<group>"; };
		9654BDFA1D8E828400B4DA2A /* MASConstraintMaker.m */ = {isa = PBXFileReference; fileEncoding = 4; lastKnownFileType = sourcecode.c.objc; path = MASConstraintMaker.m; sourceTree = "<group>"; };
		9654BDFB1D8E828400B4DA2A /* MASLayoutConstraint.h */ = {isa = PBXFileReference; fileEncoding = 4; lastKnownFileType = sourcecode.c.h; path = MASLayoutConstraint.h; sourceTree = "<group>"; };
		9654BDFC1D8E828400B4DA2A /* MASLayoutConstraint.m */ = {isa = PBXFileReference; fileEncoding = 4; lastKnownFileType = sourcecode.c.objc; path = MASLayoutConstraint.m; sourceTree = "<group>"; };
		9654BDFD1D8E828400B4DA2A /* Masonry.h */ = {isa = PBXFileReference; fileEncoding = 4; lastKnownFileType = sourcecode.c.h; path = Masonry.h; sourceTree = "<group>"; };
		9654BDFE1D8E828400B4DA2A /* MASUtilities.h */ = {isa = PBXFileReference; fileEncoding = 4; lastKnownFileType = sourcecode.c.h; path = MASUtilities.h; sourceTree = "<group>"; };
		9654BDFF1D8E828400B4DA2A /* MASViewAttribute.h */ = {isa = PBXFileReference; fileEncoding = 4; lastKnownFileType = sourcecode.c.h; path = MASViewAttribute.h; sourceTree = "<group>"; };
		9654BE001D8E828400B4DA2A /* MASViewAttribute.m */ = {isa = PBXFileReference; fileEncoding = 4; lastKnownFileType = sourcecode.c.objc; path = MASViewAttribute.m; sourceTree = "<group>"; };
		9654BE011D8E828400B4DA2A /* MASViewConstraint.h */ = {isa = PBXFileReference; fileEncoding = 4; lastKnownFileType = sourcecode.c.h; path = MASViewConstraint.h; sourceTree = "<group>"; };
		9654BE021D8E828400B4DA2A /* MASViewConstraint.m */ = {isa = PBXFileReference; fileEncoding = 4; lastKnownFileType = sourcecode.c.objc; path = MASViewConstraint.m; sourceTree = "<group>"; };
		9654BE031D8E828400B4DA2A /* NSArray+MASAdditions.h */ = {isa = PBXFileReference; fileEncoding = 4; lastKnownFileType = sourcecode.c.h; path = "NSArray+MASAdditions.h"; sourceTree = "<group>"; };
		9654BE041D8E828400B4DA2A /* NSArray+MASAdditions.m */ = {isa = PBXFileReference; fileEncoding = 4; lastKnownFileType = sourcecode.c.objc; path = "NSArray+MASAdditions.m"; sourceTree = "<group>"; };
		9654BE051D8E828400B4DA2A /* NSArray+MASShorthandAdditions.h */ = {isa = PBXFileReference; fileEncoding = 4; lastKnownFileType = sourcecode.c.h; path = "NSArray+MASShorthandAdditions.h"; sourceTree = "<group>"; };
		9654BE061D8E828400B4DA2A /* NSLayoutConstraint+MASDebugAdditions.h */ = {isa = PBXFileReference; fileEncoding = 4; lastKnownFileType = sourcecode.c.h; path = "NSLayoutConstraint+MASDebugAdditions.h"; sourceTree = "<group>"; };
		9654BE071D8E828400B4DA2A /* NSLayoutConstraint+MASDebugAdditions.m */ = {isa = PBXFileReference; fileEncoding = 4; lastKnownFileType = sourcecode.c.objc; path = "NSLayoutConstraint+MASDebugAdditions.m"; sourceTree = "<group>"; };
		9654BE081D8E828400B4DA2A /* View+MASAdditions.h */ = {isa = PBXFileReference; fileEncoding = 4; lastKnownFileType = sourcecode.c.h; path = "View+MASAdditions.h"; sourceTree = "<group>"; };
		9654BE091D8E828400B4DA2A /* View+MASAdditions.m */ = {isa = PBXFileReference; fileEncoding = 4; lastKnownFileType = sourcecode.c.objc; path = "View+MASAdditions.m"; sourceTree = "<group>"; };
		9654BE0A1D8E828400B4DA2A /* View+MASShorthandAdditions.h */ = {isa = PBXFileReference; fileEncoding = 4; lastKnownFileType = sourcecode.c.h; path = "View+MASShorthandAdditions.h"; sourceTree = "<group>"; };
		9654BE0B1D8E828400B4DA2A /* ViewController+MASAdditions.h */ = {isa = PBXFileReference; fileEncoding = 4; lastKnownFileType = sourcecode.c.h; path = "ViewController+MASAdditions.h"; sourceTree = "<group>"; };
		9654BE0C1D8E828400B4DA2A /* ViewController+MASAdditions.m */ = {isa = PBXFileReference; fileEncoding = 4; lastKnownFileType = sourcecode.c.objc; path = "ViewController+MASAdditions.m"; sourceTree = "<group>"; };
		965FEBF81D66E8390025AE73 /* HYApp_base.app */ = {isa = PBXFileReference; explicitFileType = wrapper.application; includeInIndex = 0; path = HYApp_base.app; sourceTree = BUILT_PRODUCTS_DIR; };
		965FEBFC1D66E8390025AE73 /* main.m */ = {isa = PBXFileReference; lastKnownFileType = sourcecode.c.objc; path = main.m; sourceTree = "<group>"; };
		965FEC071D66E8390025AE73 /* Assets.xcassets */ = {isa = PBXFileReference; lastKnownFileType = folder.assetcatalog; path = Assets.xcassets; sourceTree = "<group>"; };
		965FEC0A1D66E8390025AE73 /* Base */ = {isa = PBXFileReference; lastKnownFileType = file.storyboard; name = Base; path = Base.lproj/LaunchScreen.storyboard; sourceTree = "<group>"; };
		965FEC0C1D66E8390025AE73 /* Info.plist */ = {isa = PBXFileReference; lastKnownFileType = text.plist.xml; path = Info.plist; sourceTree = "<group>"; };
		967F4F731D94150E007042D4 /* HYAdHelper.h */ = {isa = PBXFileReference; fileEncoding = 4; lastKnownFileType = sourcecode.c.h; name = HYAdHelper.h; path = Utils/AdHelper/HYAdHelper.h; sourceTree = "<group>"; };
		967F4F741D94150E007042D4 /* HYAdHelper.m */ = {isa = PBXFileReference; fileEncoding = 4; lastKnownFileType = sourcecode.c.objc; name = HYAdHelper.m; path = Utils/AdHelper/HYAdHelper.m; sourceTree = "<group>"; };
		967F4F761D94153A007042D4 /* HYAdvertisingPageViewController.h */ = {isa = PBXFileReference; fileEncoding = 4; lastKnownFileType = sourcecode.c.h; name = HYAdvertisingPageViewController.h; path = Controllers/Home/AdvertisingPage/HYAdvertisingPageViewController.h; sourceTree = "<group>"; };
		967F4F771D94153A007042D4 /* HYAdvertisingPageViewController.m */ = {isa = PBXFileReference; fileEncoding = 4; lastKnownFileType = sourcecode.c.objc; name = HYAdvertisingPageViewController.m; path = Controllers/Home/AdvertisingPage/HYAdvertisingPageViewController.m; sourceTree = "<group>"; };
		967F4F791D941614007042D4 /* HYAdvertisingView.h */ = {isa = PBXFileReference; fileEncoding = 4; lastKnownFileType = sourcecode.c.h; name = HYAdvertisingView.h; path = Views/Home/AdvertisingPage/HYAdvertisingView.h; sourceTree = "<group>"; };
		967F4F7A1D941614007042D4 /* HYAdvertisingView.m */ = {isa = PBXFileReference; fileEncoding = 4; lastKnownFileType = sourcecode.c.objc; name = HYAdvertisingView.m; path = Views/Home/AdvertisingPage/HYAdvertisingView.m; sourceTree = "<group>"; };
/* End PBXFileReference section */

/* Begin PBXFrameworksBuildPhase section */
		965FEBF51D66E8390025AE73 /* Frameworks */ = {
			isa = PBXFrameworksBuildPhase;
			buildActionMask = 2147483647;
			files = (
			);
			runOnlyForDeploymentPostprocessing = 0;
		};
/* End PBXFrameworksBuildPhase section */

/* Begin PBXGroup section */
		964428241D6D42190048957B /* AppDelegate */ = {
			isa = PBXGroup;
			children = (
				964428251D6D42190048957B /* AppDelegate.h */,
				964428261D6D42190048957B /* AppDelegate.m */,
			);
			path = AppDelegate;
			sourceTree = "<group>";
		};
		9654BDE81D8E80BD00B4DA2A /* Models */ = {
			isa = PBXGroup;
			children = (
			);
			name = Models;
			sourceTree = "<group>";
		};
		9654BDE91D8E80C600B4DA2A /* Views */ = {
			isa = PBXGroup;
			children = (
				967F4F701D9414A0007042D4 /* Home */,
			);
			name = Views;
			sourceTree = "<group>";
		};
		9654BDEA1D8E80CC00B4DA2A /* Controllers */ = {
			isa = PBXGroup;
			children = (
				9654BDEC1D8E811700B4DA2A /* Home */,
			);
			name = Controllers;
			sourceTree = "<group>";
		};
		9654BDEB1D8E80EA00B4DA2A /* Utils */ = {
			isa = PBXGroup;
			children = (
				967F4F721D9414C5007042D4 /* AdHelper */,
			);
			name = Utils;
			sourceTree = "<group>";
		};
		9654BDEC1D8E811700B4DA2A /* Home */ = {
			isa = PBXGroup;
			children = (
				967F4F6F1D9413D6007042D4 /* AdvertisingPage */,
				9654BDED1D8E818D00B4DA2A /* HYHomeViewController.h */,
				9654BDEE1D8E818D00B4DA2A /* HYHomeViewController.m */,
			);
			name = Home;
			sourceTree = "<group>";
		};
		9654BDF11D8E828400B4DA2A /* Vendors */ = {
			isa = PBXGroup;
			children = (
				9654BDF21D8E828400B4DA2A /* Masonry */,
			);
			path = Vendors;
			sourceTree = "<group>";
		};
		9654BDF21D8E828400B4DA2A /* Masonry */ = {
			isa = PBXGroup;
			children = (
				9654BDF31D8E828400B4DA2A /* Info.plist */,
				9654BDF41D8E828400B4DA2A /* MASCompositeConstraint.h */,
				9654BDF51D8E828400B4DA2A /* MASCompositeConstraint.m */,
				9654BDF61D8E828400B4DA2A /* MASConstraint+Private.h */,
				9654BDF71D8E828400B4DA2A /* MASConstraint.h */,
				9654BDF81D8E828400B4DA2A /* MASConstraint.m */,
				9654BDF91D8E828400B4DA2A /* MASConstraintMaker.h */,
				9654BDFA1D8E828400B4DA2A /* MASConstraintMaker.m */,
				9654BDFB1D8E828400B4DA2A /* MASLayoutConstraint.h */,
				9654BDFC1D8E828400B4DA2A /* MASLayoutConstraint.m */,
				9654BDFD1D8E828400B4DA2A /* Masonry.h */,
				9654BDFE1D8E828400B4DA2A /* MASUtilities.h */,
				9654BDFF1D8E828400B4DA2A /* MASViewAttribute.h */,
				9654BE001D8E828400B4DA2A /* MASViewAttribute.m */,
				9654BE011D8E828400B4DA2A /* MASViewConstraint.h */,
				9654BE021D8E828400B4DA2A /* MASViewConstraint.m */,
				9654BE031D8E828400B4DA2A /* NSArray+MASAdditions.h */,
				9654BE041D8E828400B4DA2A /* NSArray+MASAdditions.m */,
				9654BE051D8E828400B4DA2A /* NSArray+MASShorthandAdditions.h */,
				9654BE061D8E828400B4DA2A /* NSLayoutConstraint+MASDebugAdditions.h */,
				9654BE071D8E828400B4DA2A /* NSLayoutConstraint+MASDebugAdditions.m */,
				9654BE081D8E828400B4DA2A /* View+MASAdditions.h */,
				9654BE091D8E828400B4DA2A /* View+MASAdditions.m */,
				9654BE0A1D8E828400B4DA2A /* View+MASShorthandAdditions.h */,
				9654BE0B1D8E828400B4DA2A /* ViewController+MASAdditions.h */,
				9654BE0C1D8E828400B4DA2A /* ViewController+MASAdditions.m */,
			);
			path = Masonry;
			sourceTree = "<group>";
		};
		965FEBEF1D66E8390025AE73 = {
			isa = PBXGroup;
			children = (
				965FEBFA1D66E8390025AE73 /* HYApp_base */,
				965FEBF91D66E8390025AE73 /* Products */,
			);
			sourceTree = "<group>";
		};
		965FEBF91D66E8390025AE73 /* Products */ = {
			isa = PBXGroup;
			children = (
				965FEBF81D66E8390025AE73 /* HYApp_base.app */,
			);
			name = Products;
			sourceTree = "<group>";
		};
		965FEBFA1D66E8390025AE73 /* HYApp_base */ = {
			isa = PBXGroup;
			children = (
				9654BDEA1D8E80CC00B4DA2A /* Controllers */,
				9654BDE91D8E80C600B4DA2A /* Views */,
				9654BDE81D8E80BD00B4DA2A /* Models */,
				9654BDEB1D8E80EA00B4DA2A /* Utils */,
				9654BDF11D8E828400B4DA2A /* Vendors */,
				964428241D6D42190048957B /* AppDelegate */,
				965FEC071D66E8390025AE73 /* Assets.xcassets */,
				965FEC091D66E8390025AE73 /* LaunchScreen.storyboard */,
				965FEC0C1D66E8390025AE73 /* Info.plist */,
				965FEBFB1D66E8390025AE73 /* Supporting Files */,
			);
			path = HYApp_base;
			sourceTree = "<group>";
		};
		965FEBFB1D66E8390025AE73 /* Supporting Files */ = {
			isa = PBXGroup;
			children = (
				965FEBFC1D66E8390025AE73 /* main.m */,
			);
			name = "Supporting Files";
			sourceTree = "<group>";
		};
		967F4F6F1D9413D6007042D4 /* AdvertisingPage */ = {
			isa = PBXGroup;
			children = (
				967F4F761D94153A007042D4 /* HYAdvertisingPageViewController.h */,
				967F4F771D94153A007042D4 /* HYAdvertisingPageViewController.m */,
			);
			name = AdvertisingPage;
			sourceTree = "<group>";
		};
		967F4F701D9414A0007042D4 /* Home */ = {
			isa = PBXGroup;
			children = (
				967F4F711D9414A8007042D4 /* AdvertisingPage */,
			);
			name = Home;
			sourceTree = "<group>";
		};
		967F4F711D9414A8007042D4 /* AdvertisingPage */ = {
			isa = PBXGroup;
			children = (
				967F4F791D941614007042D4 /* HYAdvertisingView.h */,
				967F4F7A1D941614007042D4 /* HYAdvertisingView.m */,
			);
			name = AdvertisingPage;
			sourceTree = "<group>";
		};
		967F4F721D9414C5007042D4 /* AdHelper */ = {
			isa = PBXGroup;
			children = (
				967F4F731D94150E007042D4 /* HYAdHelper.h */,
				967F4F741D94150E007042D4 /* HYAdHelper.m */,
			);
			name = AdHelper;
			sourceTree = "<group>";
		};
/* End PBXGroup section */

/* Begin PBXNativeTarget section */
		965FEBF71D66E8390025AE73 /* HYApp_base */ = {
			isa = PBXNativeTarget;
			buildConfigurationList = 965FEC0F1D66E8390025AE73 /* Build configuration list for PBXNativeTarget "HYApp_base" */;
			buildPhases = (
				965FEBF41D66E8390025AE73 /* Sources */,
				965FEBF51D66E8390025AE73 /* Frameworks */,
				965FEBF61D66E8390025AE73 /* Resources */,
			);
			buildRules = (
			);
			dependencies = (
			);
			name = HYApp_base;
			productName = HYApp_base;
			productReference = 965FEBF81D66E8390025AE73 /* HYApp_base.app */;
			productType = "com.apple.product-type.application";
		};
/* End PBXNativeTarget section */

/* Begin PBXProject section */
		965FEBF01D66E8390025AE73 /* Project object */ = {
			isa = PBXProject;
			attributes = {
				LastUpgradeCheck = 0730;
				ORGANIZATIONNAME = Hyyy;
				TargetAttributes = {
					965FEBF71D66E8390025AE73 = {
						CreatedOnToolsVersion = 7.3.1;
					};
				};
			};
			buildConfigurationList = 965FEBF31D66E8390025AE73 /* Build configuration list for PBXProject "HYApp_base" */;
			compatibilityVersion = "Xcode 3.2";
			developmentRegion = English;
			hasScannedForEncodings = 0;
			knownRegions = (
				en,
				Base,
			);
			mainGroup = 965FEBEF1D66E8390025AE73;
			productRefGroup = 965FEBF91D66E8390025AE73 /* Products */;
			projectDirPath = "";
			projectRoot = "";
			targets = (
				965FEBF71D66E8390025AE73 /* HYApp_base */,
			);
		};
/* End PBXProject section */

/* Begin PBXResourcesBuildPhase section */
		965FEBF61D66E8390025AE73 /* Resources */ = {
			isa = PBXResourcesBuildPhase;
			buildActionMask = 2147483647;
			files = (
				9654BE0D1D8E828400B4DA2A /* Info.plist in Resources */,
				965FEC0B1D66E8390025AE73 /* LaunchScreen.storyboard in Resources */,
				965FEC081D66E8390025AE73 /* Assets.xcassets in Resources */,
			);
			runOnlyForDeploymentPostprocessing = 0;
		};
/* End PBXResourcesBuildPhase section */

/* Begin PBXSourcesBuildPhase section */
		965FEBF41D66E8390025AE73 /* Sources */ = {
			isa = PBXSourcesBuildPhase;
			buildActionMask = 2147483647;
			files = (
				9654BE151D8E828400B4DA2A /* NSLayoutConstraint+MASDebugAdditions.m in Sources */,
				967F4F751D94150E007042D4 /* HYAdHelper.m in Sources */,
				9654BE131D8E828400B4DA2A /* MASViewConstraint.m in Sources */,
				9654BE0E1D8E828400B4DA2A /* MASCompositeConstraint.m in Sources */,
				967F4F781D94153A007042D4 /* HYAdvertisingPageViewController.m in Sources */,
				9654BE141D8E828400B4DA2A /* NSArray+MASAdditions.m in Sources */,
				965FEBFD1D66E8390025AE73 /* main.m in Sources */,
				9654BDEF1D8E818D00B4DA2A /* HYHomeViewController.m in Sources */,
				9654BE111D8E828400B4DA2A /* MASLayoutConstraint.m in Sources */,
				964428271D6D42190048957B /* AppDelegate.m in Sources */,
				967F4F7B1D941614007042D4 /* HYAdvertisingView.m in Sources */,
				9654BE171D8E828400B4DA2A /* ViewController+MASAdditions.m in Sources */,
				9654BE161D8E828400B4DA2A /* View+MASAdditions.m in Sources */,
				9654BE121D8E828400B4DA2A /* MASViewAttribute.m in Sources */,
				9654BE0F1D8E828400B4DA2A /* MASConstraint.m in Sources */,
				9654BE101D8E828400B4DA2A /* MASConstraintMaker.m in Sources */,
			);
			runOnlyForDeploymentPostprocessing = 0;
		};
/* End PBXSourcesBuildPhase section */

/* Begin PBXVariantGroup section */
		965FEC091D66E8390025AE73 /* LaunchScreen.storyboard */ = {
			isa = PBXVariantGroup;
			children = (
				965FEC0A1D66E8390025AE73 /* Base */,
			);
			name = LaunchScreen.storyboard;
			sourceTree = "<group>";
		};
/* End PBXVariantGroup section */

/* Begin XCBuildConfiguration section */
		965FEC0D1D66E8390025AE73 /* Debug */ = {
			isa = XCBuildConfiguration;
			buildSettings = {
				ALWAYS_SEARCH_USER_PATHS = NO;
				CLANG_ANALYZER_NONNULL = YES;
				CLANG_CXX_LANGUAGE_STANDARD = "gnu++0x";
				CLANG_CXX_LIBRARY = "libc++";
				CLANG_ENABLE_MODULES = YES;
				CLANG_ENABLE_OBJC_ARC = YES;
				CLANG_WARN_BOOL_CONVERSION = YES;
				CLANG_WARN_CONSTANT_CONVERSION = YES;
				CLANG_WARN_DIRECT_OBJC_ISA_USAGE = YES_ERROR;
				CLANG_WARN_EMPTY_BODY = YES;
				CLANG_WARN_ENUM_CONVERSION = YES;
				CLANG_WARN_INT_CONVERSION = YES;
				CLANG_WARN_OBJC_ROOT_CLASS = YES_ERROR;
				CLANG_WARN_UNREACHABLE_CODE = YES;
				CLANG_WARN__DUPLICATE_METHOD_MATCH = YES;
				"CODE_SIGN_IDENTITY[sdk=iphoneos*]" = "iPhone Developer";
				COPY_PHASE_STRIP = NO;
				DEBUG_INFORMATION_FORMAT = dwarf;
				ENABLE_STRICT_OBJC_MSGSEND = YES;
				ENABLE_TESTABILITY = YES;
				GCC_C_LANGUAGE_STANDARD = gnu99;
				GCC_DYNAMIC_NO_PIC = NO;
				GCC_NO_COMMON_BLOCKS = YES;
				GCC_OPTIMIZATION_LEVEL = 0;
				GCC_PREPROCESSOR_DEFINITIONS = (
					"DEBUG=1",
					"$(inherited)",
				);
				GCC_WARN_64_TO_32_BIT_CONVERSION = YES;
				GCC_WARN_ABOUT_RETURN_TYPE = YES_ERROR;
				GCC_WARN_UNDECLARED_SELECTOR = YES;
				GCC_WARN_UNINITIALIZED_AUTOS = YES_AGGRESSIVE;
				GCC_WARN_UNUSED_FUNCTION = YES;
				GCC_WARN_UNUSED_VARIABLE = YES;
				IPHONEOS_DEPLOYMENT_TARGET = 9.3;
				MTL_ENABLE_DEBUG_INFO = YES;
				ONLY_ACTIVE_ARCH = YES;
				SDKROOT = iphoneos;
				TARGETED_DEVICE_FAMILY = "1,2";
			};
			name = Debug;
		};
		965FEC0E1D66E8390025AE73 /* Release */ = {
			isa = XCBuildConfiguration;
			buildSettings = {
				ALWAYS_SEARCH_USER_PATHS = NO;
				CLANG_ANALYZER_NONNULL = YES;
				CLANG_CXX_LANGUAGE_STANDARD = "gnu++0x";
				CLANG_CXX_LIBRARY = "libc++";
				CLANG_ENABLE_MODULES = YES;
				CLANG_ENABLE_OBJC_ARC = YES;
				CLANG_WARN_BOOL_CONVERSION = YES;
				CLANG_WARN_CONSTANT_CONVERSION = YES;
				CLANG_WARN_DIRECT_OBJC_ISA_USAGE = YES_ERROR;
				CLANG_WARN_EMPTY_BODY = YES;
				CLANG_WARN_ENUM_CONVERSION = YES;
				CLANG_WARN_INT_CONVERSION = YES;
				CLANG_WARN_OBJC_ROOT_CLASS = YES_ERROR;
				CLANG_WARN_UNREACHABLE_CODE = YES;
				CLANG_WARN__DUPLICATE_METHOD_MATCH = YES;
				"CODE_SIGN_IDENTITY[sdk=iphoneos*]" = "iPhone Developer";
				COPY_PHASE_STRIP = NO;
				DEBUG_INFORMATION_FORMAT = "dwarf-with-dsym";
				ENABLE_NS_ASSERTIONS = NO;
				ENABLE_STRICT_OBJC_MSGSEND = YES;
				GCC_C_LANGUAGE_STANDARD = gnu99;
				GCC_NO_COMMON_BLOCKS = YES;
				GCC_WARN_64_TO_32_BIT_CONVERSION = YES;
				GCC_WARN_ABOUT_RETURN_TYPE = YES_ERROR;
				GCC_WARN_UNDECLARED_SELECTOR = YES;
				GCC_WARN_UNINITIALIZED_AUTOS = YES_AGGRESSIVE;
				GCC_WARN_UNUSED_FUNCTION = YES;
				GCC_WARN_UNUSED_VARIABLE = YES;
				IPHONEOS_DEPLOYMENT_TARGET = 9.3;
				MTL_ENABLE_DEBUG_INFO = NO;
				SDKROOT = iphoneos;
				TARGETED_DEVICE_FAMILY = "1,2";
				VALIDATE_PRODUCT = YES;
			};
			name = Release;
		};
		965FEC101D66E8390025AE73 /* Debug */ = {
			isa = XCBuildConfiguration;
			buildSettings = {
				ASSETCATALOG_COMPILER_APPICON_NAME = AppIcon;
				ASSETCATALOG_COMPILER_LAUNCHIMAGE_NAME = LaunchImage;
				INFOPLIST_FILE = HYApp_base/Info.plist;
				LD_RUNPATH_SEARCH_PATHS = "$(inherited) @executable_path/Frameworks";
				PRODUCT_BUNDLE_IDENTIFIER = "com.hyyy.HYApp-base";
				PRODUCT_NAME = "$(TARGET_NAME)";
			};
			name = Debug;
		};
		965FEC111D66E8390025AE73 /* Release */ = {
			isa = XCBuildConfiguration;
			buildSettings = {
				ASSETCATALOG_COMPILER_APPICON_NAME = AppIcon;
				ASSETCATALOG_COMPILER_LAUNCHIMAGE_NAME = LaunchImage;
				INFOPLIST_FILE = HYApp_base/Info.plist;
				LD_RUNPATH_SEARCH_PATHS = "$(inherited) @executable_path/Frameworks";
				PRODUCT_BUNDLE_IDENTIFIER = "com.hyyy.HYApp-base";
				PRODUCT_NAME = "$(TARGET_NAME)";
			};
			name = Release;
		};
/* End XCBuildConfiguration section */

/* Begin XCConfigurationList section */
		965FEBF31D66E8390025AE73 /* Build configuration list for PBXProject "HYApp_base" */ = {
			isa = XCConfigurationList;
			buildConfigurations = (
				965FEC0D1D66E8390025AE73 /* Debug */,
				965FEC0E1D66E8390025AE73 /* Release */,
			);
			defaultConfigurationIsVisible = 0;
			defaultConfigurationName = Release;
		};
		965FEC0F1D66E8390025AE73 /* Build configuration list for PBXNativeTarget "HYApp_base" */ = {
			isa = XCConfigurationList;
			buildConfigurations = (
				965FEC101D66E8390025AE73 /* Debug */,
				965FEC111D66E8390025AE73 /* Release */,
			);
			defaultConfigurationIsVisible = 0;
			defaultConfigurationName = Release;
		};
/* End XCConfigurationList section */
	};
	rootObject = 965FEBF01D66E8390025AE73 /* Project object */;
}
